
Microsoft Visual Studio Solution File, Format Version 12.00
# Visual Studio Version 16
VisualStudioVersion = 16.0.32630.194
MinimumVisualStudioVersion = 10.0.40219.1
Project("{F2A71F9B-5D33-465A-A702-920D77279786}") = "testapp", "testapp\testapp.fsproj", "{22C6A150-E67D-48F5-B17D-65922D8217F2}"
EndProject
Global
	GlobalSection(SolutionConfigurationPlatforms) = preSolution
		Debug|Any CPU = Debug|Any CPU
		Release|Any CPU = Release|Any CPU
	EndGlobalSection
	GlobalSection(ProjectConfigurationPlatforms) = postSolution
		{22C6A150-E67D-48F5-B17D-65922D8217F2}.Debug|Any CPU.ActiveCfg = Debug|Any CPU
		{22C6A150-E67D-48F5-B17D-65922D8217F2}.Debug|Any CPU.Build.0 = Debug|Any CPU
		{22C6A150-E67D-48F5-B17D-65922D8217F2}.Release|Any CPU.ActiveCfg = Release|Any CPU
		{22C6A150-E67D-48F5-B17D-65922D8217F2}.Release|Any CPU.Build.0 = Release|Any CPU
	EndGlobalSection
	GlobalSection(SolutionProperties) = preSolution
		HideSolutionNode = FALSE
	EndGlobalSection
	GlobalSection(ExtensibilityGlobals) = postSolution
		SolutionGuid = {D9CFFEF7-E856-4A94-ADE0-8EDD71F195F2}
	EndGlobalSection
EndGlobal
